{
  "nodes": {
    "copilot-status": {
      "flake": false,
      "locked": {
        "lastModified": 1704580084,
        "narHash": "sha256-jJqbMuTjTN2n7s2iXAoxJDKiRCFkBdpJEHap5KphKbM=",
        "owner": "jonahgoldwastaken",
        "repo": "copilot-status.nvim",
        "rev": "decbffa57732f3d257641aea1d5541dd4fe536f6",
        "type": "github"
      },
      "original": {
        "owner": "jonahgoldwastaken",
        "repo": "copilot-status.nvim",
        "type": "github"
      }
    },
    "flake-compat": {
      "flake": false,
      "locked": {
        "lastModified": 1696426674,
        "narHash": "sha256-kvjfFW7WAETZlt09AgDn1MrtKzP7t90Vf7vypd3OL1U=",
        "owner": "edolstra",
        "repo": "flake-compat",
        "rev": "0f9255e01c2351cc7d116c072cb317785dd33b33",
        "type": "github"
      },
      "original": {
        "owner": "edolstra",
        "repo": "flake-compat",
        "type": "github"
      }
    },
    "flake-parts": {
      "inputs": {
        "nixpkgs-lib": [
          "nixvim",
          "nixpkgs"
        ]
      },
      "locked": {
        "lastModified": 1741352980,
        "narHash": "sha256-+u2UunDA4Cl5Fci3m7S643HzKmIDAe+fiXrLqYsR2fs=",
        "owner": "hercules-ci",
        "repo": "flake-parts",
        "rev": "f4330d22f1c5d2ba72d3d22df5597d123fdb60a9",
        "type": "github"
      },
      "original": {
        "owner": "hercules-ci",
        "repo": "flake-parts",
        "type": "github"
      }
    },
    "flake-utils": {
      "inputs": {
        "systems": "systems"
      },
      "locked": {
        "lastModified": 1731533236,
        "narHash": "sha256-l0KFg5HjrsfsO/JpG+r7fRrqm12kzFHyUHqHCVpMMbI=",
        "owner": "numtide",
        "repo": "flake-utils",
        "rev": "11707dc2f618dd54ca8739b309ec4fc024de578b",
        "type": "github"
      },
      "original": {
        "owner": "numtide",
        "repo": "flake-utils",
        "type": "github"
      }
    },
    "flake-utils_2": {
      "inputs": {
        "systems": "systems_2"
      },
      "locked": {
        "lastModified": 1710146030,
        "narHash": "sha256-SZ5L6eA7HJ/nmkzGG7/ISclqe6oZdOZTNoesiInkXPQ=",
        "owner": "numtide",
        "repo": "flake-utils",
        "rev": "b1d9ab70662946ef0850d488da1c9019f3a9752a",
        "type": "github"
      },
      "original": {
        "owner": "numtide",
        "repo": "flake-utils",
        "type": "github"
      }
    },
    "flake-utils_3": {
      "inputs": {
        "systems": "systems_3"
      },
      "locked": {
        "lastModified": 1731533236,
        "narHash": "sha256-l0KFg5HjrsfsO/JpG+r7fRrqm12kzFHyUHqHCVpMMbI=",
        "owner": "numtide",
        "repo": "flake-utils",
        "rev": "11707dc2f618dd54ca8739b309ec4fc024de578b",
        "type": "github"
      },
      "original": {
        "owner": "numtide",
        "repo": "flake-utils",
        "type": "github"
      }
    },
    "ixx": {
      "inputs": {
        "flake-utils": [
          "nixvim",
          "nuschtosSearch",
          "flake-utils"
        ],
        "nixpkgs": [
          "nixvim",
          "nuschtosSearch",
          "nixpkgs"
        ]
      },
      "locked": {
        "lastModified": 1729958008,
        "narHash": "sha256-EiOq8jF4Z/zQe0QYVc3+qSKxRK//CFHMB84aYrYGwEs=",
        "owner": "NuschtOS",
        "repo": "ixx",
        "rev": "9fd01aad037f345350eab2cd45e1946cc66da4eb",
        "type": "github"
      },
      "original": {
        "owner": "NuschtOS",
        "ref": "v0.0.6",
        "repo": "ixx",
        "type": "github"
      }
    },
    "nix-bundle": {
      "inputs": {
        "flake-compat": "flake-compat",
        "flake-utils": "flake-utils_2",
        "nixpkgs": [
          "nixpkgs"
        ]
      },
      "locked": {
        "lastModified": 1725758175,
        "narHash": "sha256-MhBOJHYhIJ30TNVrm7wX8B3x+MecMCdaBc94g4HXkPs=",
        "owner": "ralismark",
        "repo": "nix-appimage",
        "rev": "fc1192dbec82f5857f86ccc6dfdf2ad97bc9c62a",
        "type": "github"
      },
      "original": {
        "owner": "ralismark",
        "repo": "nix-appimage",
        "type": "github"
      }
    },
    "nixpkgs": {
      "locked": {
        "lastModified": 1742595906,
        "narHash": "sha256-8WmWmyXI9JmZaLTJjOItU4tEH5IARLP3H0gzfA4aD/g=",
        "owner": "nixos",
        "repo": "nixpkgs",
        "rev": "e74ac85c8c4d5942fe685907c4e3727634d55ece",
        "type": "github"
      },
      "original": {
        "owner": "nixos",
        "repo": "nixpkgs",
        "type": "github"
      }
    },
    "nixpkgs-old": {
      "locked": {
        "lastModified": 1721562059,
        "narHash": "sha256-Tybxt65eyOARf285hMHIJ2uul8SULjFZbT9ZaEeUnP8=",
        "owner": "NixOS",
        "repo": "nixpkgs",
        "rev": "68c9ed8bbed9dfce253cc91560bf9043297ef2fe",
        "type": "github"
      },
      "original": {
        "owner": "NixOS",
        "repo": "nixpkgs",
        "rev": "68c9ed8bbed9dfce253cc91560bf9043297ef2fe",
        "type": "github"
      }
    },
    "nixvim": {
      "inputs": {
        "flake-parts": "flake-parts",
        "nixpkgs": [
          "nixpkgs"
        ],
        "nuschtosSearch": "nuschtosSearch"
      },
      "locked": {
        "lastModified": 1742559284,
        "narHash": "sha256-PSSjCCqpJPkCagkkdLODBVVonGxgwU5dN2CYlFPNVNw=",
        "owner": "nix-community",
        "repo": "nixvim",
        "rev": "c980271267ef146a6c30394c611a97e077471cf2",
        "type": "github"
      },
      "original": {
        "owner": "nix-community",
        "repo": "nixvim",
        "type": "github"
      }
    },
    "nuschtosSearch": {
      "inputs": {
        "flake-utils": "flake-utils_3",
        "ixx": "ixx",
        "nixpkgs": [
          "nixvim",
          "nixpkgs"
        ]
      },
      "locked": {
        "lastModified": 1741886583,
        "narHash": "sha256-sScfYKtxp3CYv5fJcHQDvQjqBL+tPNQqS9yf9Putd+s=",
        "owner": "NuschtOS",
        "repo": "search",
        "rev": "2974bc5fa3441a319fba943f3ca41f7dcd1a1467",
        "type": "github"
      },
      "original": {
        "owner": "NuschtOS",
        "repo": "search",
        "type": "github"
      }
    },
    "nvim-lspimport": {
      "flake": false,
      "locked": {
        "lastModified": 1710089123,
        "narHash": "sha256-GIeuvGltgilFkYnKvsVYSogqQhDo1xcORy5jVtTz2cE=",
        "owner": "stevanmilic",
        "repo": "nvim-lspimport",
        "rev": "9c1c61a5020faeb1863bb66eb4b2a9107e641876",
        "type": "github"
      },
      "original": {
        "owner": "stevanmilic",
        "repo": "nvim-lspimport",
        "type": "github"
      }
    },
    "root": {
      "inputs": {
        "copilot-status": "copilot-status",
        "flake-utils": "flake-utils",
        "nix-bundle": "nix-bundle",
        "nixpkgs": "nixpkgs",
        "nixpkgs-old": "nixpkgs-old",
        "nixvim": "nixvim",
        "nvim-lspimport": "nvim-lspimport",
        "std2_ms-jpq": "std2_ms-jpq",
        "telescope-git-file-history": "telescope-git-file-history"
      }
    },
    "std2_ms-jpq": {
      "flake": false,
      "locked": {
        "lastModified": 1738816063,
        "narHash": "sha256-n+6FxVQjzYhjQMJr+i+D8uSiVjI7HFkegxy5keVjKGs=",
        "owner": "ms-jpq",
        "repo": "std2",
        "rev": "47fda91f8c8db9d5a8faa6f55d739d74afffc440",
        "type": "github"
      },
      "original": {
        "owner": "ms-jpq",
        "repo": "std2",
        "type": "github"
      }
    },
    "systems": {
      "locked": {
        "lastModified": 1681028828,
        "narHash": "sha256-Vy1rq5AaRuLzOxct8nz4T6wlgyUR7zLU309k9mBC768=",
        "owner": "nix-systems",
        "repo": "default",
        "rev": "da67096a3b9bf56a91d16901293e51ba5b49a27e",
        "type": "github"
      },
      "original": {
        "owner": "nix-systems",
        "repo": "default",
        "type": "github"
      }
    },
    "systems_2": {
      "locked": {
        "lastModified": 1681028828,
        "narHash": "sha256-Vy1rq5AaRuLzOxct8nz4T6wlgyUR7zLU309k9mBC768=",
        "owner": "nix-systems",
        "repo": "default",
        "rev": "da67096a3b9bf56a91d16901293e51ba5b49a27e",
        "type": "github"
      },
      "original": {
        "owner": "nix-systems",
        "repo": "default",
        "type": "github"
      }
    },
    "systems_3": {
      "locked": {
        "lastModified": 1681028828,
        "narHash": "sha256-Vy1rq5AaRuLzOxct8nz4T6wlgyUR7zLU309k9mBC768=",
        "owner": "nix-systems",
        "repo": "default",
        "rev": "da67096a3b9bf56a91d16901293e51ba5b49a27e",
        "type": "github"
      },
      "original": {
        "owner": "nix-systems",
        "repo": "default",
        "type": "github"
      }
    },
    "telescope-git-file-history": {
      "flake": false,
      "locked": {
        "lastModified": 1727128584,
        "narHash": "sha256-rf5orEKvsS7gRcUb3+USmCK2SD84xusGU1xIIW8Ntyw=",
        "owner": "isak102",
        "repo": "telescope-git-file-history.nvim",
        "rev": "c27d99ba88ec5f0b6d2b9f9bc67dd3d14c610b25",
        "type": "github"
      },
      "original": {
        "owner": "isak102",
        "repo": "telescope-git-file-history.nvim",
        "type": "github"
      }
    }
  },
  "root": "root",
  "version": 7
}
